
Microsoft Visual Studio Solution File, Format Version 12.00
# Visual Studio Version 17
VisualStudioVersion = 17.3.32825.248
MinimumVisualStudioVersion = 10.0.40219.1
Project("{9A19103F-16F7-4668-BE54-9A1E7A4F7556}") = "Application", "Application\Application.csproj", "{1FB936B5-506E-48DA-8E3B-9B12B53994E9}"
EndProject
Project("{2150E333-8FDC-42A3-9474-1A3956D46DE8}") = "Solution Items", "Solution Items", "{E5B9C04E-6EB7-4C04-9B96-FFBC29B73DDD}"
	ProjectSection(SolutionItems) = preProject
		.editorconfig = .editorconfig
	EndProjectSection
EndProject
Project("{9A19103F-16F7-4668-BE54-9A1E7A4F7556}") = "DeviceConsoleApp", "DeviceConsoleApp\DeviceConsoleApp.csproj", "{FC1C14E8-7AC4-4B8C-9381-E2FFF61B9C0D}"
EndProject
Project("{9A19103F-16F7-4668-BE54-9A1E7A4F7556}") = "SharedWPF", "SharedWPF\SharedWPF.csproj", "{CC770C0D-B965-4197-940A-89B7156E85C1}"
EndProject
Project("{9A19103F-16F7-4668-BE54-9A1E7A4F7556}") = "DeviceIntelliFAN", "DeviceIntelliFAN\DeviceIntelliFAN.csproj", "{FD8DF0DB-96E0-4A24-98D6-BCE602E37466}"
EndProject
Project("{FAE04EC0-301F-11D3-BF4B-00C04F79EFBC}") = "Device.UWP.TemperatureApp", "Device.UWP.TemperatureApp\Device.UWP.TemperatureApp.csproj", "{53BADA9B-ABD5-4CF8-9DD9-8AFD13216409}"
EndProject
Global
	GlobalSection(SolutionConfigurationPlatforms) = preSolution
		Debug|Any CPU = Debug|Any CPU
		Debug|ARM = Debug|ARM
		Debug|ARM64 = Debug|ARM64
		Debug|x64 = Debug|x64
		Debug|x86 = Debug|x86
		Release|Any CPU = Release|Any CPU
		Release|ARM = Release|ARM
		Release|ARM64 = Release|ARM64
		Release|x64 = Release|x64
		Release|x86 = Release|x86
	EndGlobalSection
	GlobalSection(ProjectConfigurationPlatforms) = postSolution
		{1FB936B5-506E-48DA-8E3B-9B12B53994E9}.Debug|Any CPU.ActiveCfg = Debug|Any CPU
		{1FB936B5-506E-48DA-8E3B-9B12B53994E9}.Debug|Any CPU.Build.0 = Debug|Any CPU
		{1FB936B5-506E-48DA-8E3B-9B12B53994E9}.Debug|ARM.ActiveCfg = Debug|Any CPU
		{1FB936B5-506E-48DA-8E3B-9B12B53994E9}.Debug|ARM.Build.0 = Debug|Any CPU
		{1FB936B5-506E-48DA-8E3B-9B12B53994E9}.Debug|ARM64.ActiveCfg = Debug|Any CPU
		{1FB936B5-506E-48DA-8E3B-9B12B53994E9}.Debug|ARM64.Build.0 = Debug|Any CPU
		{1FB936B5-506E-48DA-8E3B-9B12B53994E9}.Debug|x64.ActiveCfg = Debug|Any CPU
		{1FB936B5-506E-48DA-8E3B-9B12B53994E9}.Debug|x64.Build.0 = Debug|Any CPU
		{1FB936B5-506E-48DA-8E3B-9B12B53994E9}.Debug|x86.ActiveCfg = Debug|Any CPU
		{1FB936B5-506E-48DA-8E3B-9B12B53994E9}.Debug|x86.Build.0 = Debug|Any CPU
		{1FB936B5-506E-48DA-8E3B-9B12B53994E9}.Release|Any CPU.ActiveCfg = Release|Any CPU
		{1FB936B5-506E-48DA-8E3B-9B12B53994E9}.Release|Any CPU.Build.0 = Release|Any CPU
		{1FB936B5-506E-48DA-8E3B-9B12B53994E9}.Release|ARM.ActiveCfg = Release|Any CPU
		{1FB936B5-506E-48DA-8E3B-9B12B53994E9}.Release|ARM.Build.0 = Release|Any CPU
		{1FB936B5-506E-48DA-8E3B-9B12B53994E9}.Release|ARM64.ActiveCfg = Release|Any CPU
		{1FB936B5-506E-48DA-8E3B-9B12B53994E9}.Release|ARM64.Build.0 = Release|Any CPU
		{1FB936B5-506E-48DA-8E3B-9B12B53994E9}.Release|x64.ActiveCfg = Release|Any CPU
		{1FB936B5-506E-48DA-8E3B-9B12B53994E9}.Release|x64.Build.0 = Release|Any CPU
		{1FB936B5-506E-48DA-8E3B-9B12B53994E9}.Release|x86.ActiveCfg = Release|Any CPU
		{1FB936B5-506E-48DA-8E3B-9B12B53994E9}.Release|x86.Build.0 = Release|Any CPU
		{FC1C14E8-7AC4-4B8C-9381-E2FFF61B9C0D}.Debug|Any CPU.ActiveCfg = Debug|Any CPU
		{FC1C14E8-7AC4-4B8C-9381-E2FFF61B9C0D}.Debug|Any CPU.Build.0 = Debug|Any CPU
		{FC1C14E8-7AC4-4B8C-9381-E2FFF61B9C0D}.Debug|ARM.ActiveCfg = Debug|Any CPU
		{FC1C14E8-7AC4-4B8C-9381-E2FFF61B9C0D}.Debug|ARM.Build.0 = Debug|Any CPU
		{FC1C14E8-7AC4-4B8C-9381-E2FFF61B9C0D}.Debug|ARM64.ActiveCfg = Debug|Any CPU
		{FC1C14E8-7AC4-4B8C-9381-E2FFF61B9C0D}.Debug|ARM64.Build.0 = Debug|Any CPU
		{FC1C14E8-7AC4-4B8C-9381-E2FFF61B9C0D}.Debug|x64.ActiveCfg = Debug|Any CPU
		{FC1C14E8-7AC4-4B8C-9381-E2FFF61B9C0D}.Debug|x64.Build.0 = Debug|Any CPU
		{FC1C14E8-7AC4-4B8C-9381-E2FFF61B9C0D}.Debug|x86.ActiveCfg = Debug|Any CPU
		{FC1C14E8-7AC4-4B8C-9381-E2FFF61B9C0D}.Debug|x86.Build.0 = Debug|Any CPU
		{FC1C14E8-7AC4-4B8C-9381-E2FFF61B9C0D}.Release|Any CPU.ActiveCfg = Release|Any CPU
		{FC1C14E8-7AC4-4B8C-9381-E2FFF61B9C0D}.Release|Any CPU.Build.0 = Release|Any CPU
		{FC1C14E8-7AC4-4B8C-9381-E2FFF61B9C0D}.Release|ARM.ActiveCfg = Release|Any CPU
		{FC1C14E8-7AC4-4B8C-9381-E2FFF61B9C0D}.Release|ARM.Build.0 = Release|Any CPU
		{FC1C14E8-7AC4-4B8C-9381-E2FFF61B9C0D}.Release|ARM64.ActiveCfg = Release|Any CPU
		{FC1C14E8-7AC4-4B8C-9381-E2FFF61B9C0D}.Release|ARM64.Build.0 = Release|Any CPU
		{FC1C14E8-7AC4-4B8C-9381-E2FFF61B9C0D}.Release|x64.ActiveCfg = Release|Any CPU
		{FC1C14E8-7AC4-4B8C-9381-E2FFF61B9C0D}.Release|x64.Build.0 = Release|Any CPU
		{FC1C14E8-7AC4-4B8C-9381-E2FFF61B9C0D}.Release|x86.ActiveCfg = Release|Any CPU
		{FC1C14E8-7AC4-4B8C-9381-E2FFF61B9C0D}.Release|x86.Build.0 = Release|Any CPU
		{CC770C0D-B965-4197-940A-89B7156E85C1}.Debug|Any CPU.ActiveCfg = Debug|Any CPU
		{CC770C0D-B965-4197-940A-89B7156E85C1}.Debug|Any CPU.Build.0 = Debug|Any CPU
		{CC770C0D-B965-4197-940A-89B7156E85C1}.Debug|ARM.ActiveCfg = Debug|Any CPU
		{CC770C0D-B965-4197-940A-89B7156E85C1}.Debug|ARM.Build.0 = Debug|Any CPU
		{CC770C0D-B965-4197-940A-89B7156E85C1}.Debug|ARM64.ActiveCfg = Debug|Any CPU
		{CC770C0D-B965-4197-940A-89B7156E85C1}.Debug|ARM64.Build.0 = Debug|Any CPU
		{CC770C0D-B965-4197-940A-89B7156E85C1}.Debug|x64.ActiveCfg = Debug|Any CPU
		{CC770C0D-B965-4197-940A-89B7156E85C1}.Debug|x64.Build.0 = Debug|Any CPU
		{CC770C0D-B965-4197-940A-89B7156E85C1}.Debug|x86.ActiveCfg = Debug|Any CPU
		{CC770C0D-B965-4197-940A-89B7156E85C1}.Debug|x86.Build.0 = Debug|Any CPU
		{CC770C0D-B965-4197-940A-89B7156E85C1}.Release|Any CPU.ActiveCfg = Release|Any CPU
		{CC770C0D-B965-4197-940A-89B7156E85C1}.Release|Any CPU.Build.0 = Release|Any CPU
		{CC770C0D-B965-4197-940A-89B7156E85C1}.Release|ARM.ActiveCfg = Release|Any CPU
		{CC770C0D-B965-4197-940A-89B7156E85C1}.Release|ARM.Build.0 = Release|Any CPU
		{CC770C0D-B965-4197-940A-89B7156E85C1}.Release|ARM64.ActiveCfg = Release|Any CPU
		{CC770C0D-B965-4197-940A-89B7156E85C1}.Release|ARM64.Build.0 = Release|Any CPU
		{CC770C0D-B965-4197-940A-89B7156E85C1}.Release|x64.ActiveCfg = Release|Any CPU
		{CC770C0D-B965-4197-940A-89B7156E85C1}.Release|x64.Build.0 = Release|Any CPU
		{CC770C0D-B965-4197-940A-89B7156E85C1}.Release|x86.ActiveCfg = Release|Any CPU
		{CC770C0D-B965-4197-940A-89B7156E85C1}.Release|x86.Build.0 = Release|Any CPU
		{FD8DF0DB-96E0-4A24-98D6-BCE602E37466}.Debug|Any CPU.ActiveCfg = Debug|Any CPU
		{FD8DF0DB-96E0-4A24-98D6-BCE602E37466}.Debug|Any CPU.Build.0 = Debug|Any CPU
		{FD8DF0DB-96E0-4A24-98D6-BCE602E37466}.Debug|ARM.ActiveCfg = Debug|Any CPU
		{FD8DF0DB-96E0-4A24-98D6-BCE602E37466}.Debug|ARM.Build.0 = Debug|Any CPU
		{FD8DF0DB-96E0-4A24-98D6-BCE602E37466}.Debug|ARM64.ActiveCfg = Debug|Any CPU
		{FD8DF0DB-96E0-4A24-98D6-BCE602E37466}.Debug|ARM64.Build.0 = Debug|Any CPU
		{FD8DF0DB-96E0-4A24-98D6-BCE602E37466}.Debug|x64.ActiveCfg = Debug|Any CPU
		{FD8DF0DB-96E0-4A24-98D6-BCE602E37466}.Debug|x64.Build.0 = Debug|Any CPU
		{FD8DF0DB-96E0-4A24-98D6-BCE602E37466}.Debug|x86.ActiveCfg = Debug|Any CPU
		{FD8DF0DB-96E0-4A24-98D6-BCE602E37466}.Debug|x86.Build.0 = Debug|Any CPU
		{FD8DF0DB-96E0-4A24-98D6-BCE602E37466}.Release|Any CPU.ActiveCfg = Release|Any CPU
		{FD8DF0DB-96E0-4A24-98D6-BCE602E37466}.Release|Any CPU.Build.0 = Release|Any CPU
		{FD8DF0DB-96E0-4A24-98D6-BCE602E37466}.Release|ARM.ActiveCfg = Release|Any CPU
		{FD8DF0DB-96E0-4A24-98D6-BCE602E37466}.Release|ARM.Build.0 = Release|Any CPU
		{FD8DF0DB-96E0-4A24-98D6-BCE602E37466}.Release|ARM64.ActiveCfg = Release|Any CPU
		{FD8DF0DB-96E0-4A24-98D6-BCE602E37466}.Release|ARM64.Build.0 = Release|Any CPU
		{FD8DF0DB-96E0-4A24-98D6-BCE602E37466}.Release|x64.ActiveCfg = Release|Any CPU
		{FD8DF0DB-96E0-4A24-98D6-BCE602E37466}.Release|x64.Build.0 = Release|Any CPU
		{FD8DF0DB-96E0-4A24-98D6-BCE602E37466}.Release|x86.ActiveCfg = Release|Any CPU
		{FD8DF0DB-96E0-4A24-98D6-BCE602E37466}.Release|x86.Build.0 = Release|Any CPU
		{53BADA9B-ABD5-4CF8-9DD9-8AFD13216409}.Debug|Any CPU.ActiveCfg = Debug|x64
		{53BADA9B-ABD5-4CF8-9DD9-8AFD13216409}.Debug|Any CPU.Build.0 = Debug|x64
		{53BADA9B-ABD5-4CF8-9DD9-8AFD13216409}.Debug|Any CPU.Deploy.0 = Debug|x64
		{53BADA9B-ABD5-4CF8-9DD9-8AFD13216409}.Debug|ARM.ActiveCfg = Debug|ARM
		{53BADA9B-ABD5-4CF8-9DD9-8AFD13216409}.Debug|ARM.Build.0 = Debug|ARM
		{53BADA9B-ABD5-4CF8-9DD9-8AFD13216409}.Debug|ARM.Deploy.0 = Debug|ARM
		{53BADA9B-ABD5-4CF8-9DD9-8AFD13216409}.Debug|ARM64.ActiveCfg = Debug|ARM64
		{53BADA9B-ABD5-4CF8-9DD9-8AFD13216409}.Debug|ARM64.Build.0 = Debug|ARM64
		{53BADA9B-ABD5-4CF8-9DD9-8AFD13216409}.Debug|ARM64.Deploy.0 = Debug|ARM64
		{53BADA9B-ABD5-4CF8-9DD9-8AFD13216409}.Debug|x64.ActiveCfg = Debug|x64
		{53BADA9B-ABD5-4CF8-9DD9-8AFD13216409}.Debug|x64.Build.0 = Debug|x64
		{53BADA9B-ABD5-4CF8-9DD9-8AFD13216409}.Debug|x64.Deploy.0 = Debug|x64
		{53BADA9B-ABD5-4CF8-9DD9-8AFD13216409}.Debug|x86.ActiveCfg = Debug|x86
		{53BADA9B-ABD5-4CF8-9DD9-8AFD13216409}.Debug|x86.Build.0 = Debug|x86
		{53BADA9B-ABD5-4CF8-9DD9-8AFD13216409}.Debug|x86.Deploy.0 = Debug|x86
		{53BADA9B-ABD5-4CF8-9DD9-8AFD13216409}.Release|Any CPU.ActiveCfg = Release|x64
		{53BADA9B-ABD5-4CF8-9DD9-8AFD13216409}.Release|Any CPU.Build.0 = Release|x64
		{53BADA9B-ABD5-4CF8-9DD9-8AFD13216409}.Release|Any CPU.Deploy.0 = Release|x64
		{53BADA9B-ABD5-4CF8-9DD9-8AFD13216409}.Release|ARM.ActiveCfg = Release|ARM
		{53BADA9B-ABD5-4CF8-9DD9-8AFD13216409}.Release|ARM.Build.0 = Release|ARM
		{53BADA9B-ABD5-4CF8-9DD9-8AFD13216409}.Release|ARM.Deploy.0 = Release|ARM
		{53BADA9B-ABD5-4CF8-9DD9-8AFD13216409}.Release|ARM64.ActiveCfg = Release|ARM64
		{53BADA9B-ABD5-4CF8-9DD9-8AFD13216409}.Release|ARM64.Build.0 = Release|ARM64
		{53BADA9B-ABD5-4CF8-9DD9-8AFD13216409}.Release|ARM64.Deploy.0 = Release|ARM64
		{53BADA9B-ABD5-4CF8-9DD9-8AFD13216409}.Release|x64.ActiveCfg = Release|x64
		{53BADA9B-ABD5-4CF8-9DD9-8AFD13216409}.Release|x64.Build.0 = Release|x64
		{53BADA9B-ABD5-4CF8-9DD9-8AFD13216409}.Release|x64.Deploy.0 = Release|x64
		{53BADA9B-ABD5-4CF8-9DD9-8AFD13216409}.Release|x86.ActiveCfg = Release|x86
		{53BADA9B-ABD5-4CF8-9DD9-8AFD13216409}.Release|x86.Build.0 = Release|x86
		{53BADA9B-ABD5-4CF8-9DD9-8AFD13216409}.Release|x86.Deploy.0 = Release|x86
	EndGlobalSection
	GlobalSection(SolutionProperties) = preSolution
		HideSolutionNode = FALSE
	EndGlobalSection
	GlobalSection(ExtensibilityGlobals) = postSolution
		SolutionGuid = {24695980-B9F7-4837-92C6-ECD556A04929}
	EndGlobalSection
EndGlobal
